// !$*UTF8*$!
{
	archiveVersion = 1;
	classes = {
	};
	objectVersion = 77;
	objects = {

/* Begin PBXBuildFile section */
		095FD46B8BF0F4B3C0DF18D0 /* StreakCalculator.swift in Sources */ = {isa = PBXBuildFile; fileRef = 61E5583BF2ABB5886F6A33CF /* StreakCalculator.swift */; };
		0BF10963C66C61A85AB63DBD /* WrappedStatsTests.swift in Sources */ = {isa = PBXBuildFile; fileRef = ECE5585CC13DA3C6F665594A /* WrappedStatsTests.swift */; };
		17AAD6984070753493382FA9 /* CardView.swift in Sources */ = {isa = PBXBuildFile; fileRef = E363E5F11832E63EE2539D70 /* CardView.swift */; };
		17EF09ACC254297A749F37F2 /* StreakCalculator.swift in Sources */ = {isa = PBXBuildFile; fileRef = 61E5583BF2ABB5886F6A33CF /* StreakCalculator.swift */; };
		1ABE592DFEEBDBCBD8A4CCAC /* ColumnView.swift in Sources */ = {isa = PBXBuildFile; fileRef = EC1A968F6964BFEE0832A01A /* ColumnView.swift */; };
		1B53F264815585B5F468F8A2 /* GlassKanbanApp.swift in Sources */ = {isa = PBXBuildFile; fileRef = C3D494DF4EBCB89C86134C27 /* GlassKanbanApp.swift */; };
		1E7F6ED58D7DBA4FB4175DE6 /* AppAppearance.swift in Sources */ = {isa = PBXBuildFile; fileRef = 885796666D14CA49747DB258 /* AppAppearance.swift */; };
		262B9D2A64B3478DC0B7D42F /* BoardTooltip.swift in Sources */ = {isa = PBXBuildFile; fileRef = 63A39AC9579F00A5EB682BD8 /* BoardTooltip.swift */; };
		3A14FF729609BD536B4851BE /* BoardEmptinessTests.swift in Sources */ = {isa = PBXBuildFile; fileRef = D7CE58D9AEFF55A2F7A8F53B /* BoardEmptinessTests.swift */; };
		4BD67FD6516E1386444BD060 /* TicketRename.swift in Sources */ = {isa = PBXBuildFile; fileRef = 350F062261A839B0E19ADC65 /* TicketRename.swift */; };
		4DDD94D9BA542BA62B842C25 /* BacklogTicketCreationTests.swift in Sources */ = {isa = PBXBuildFile; fileRef = D85E4B85A97781F983975E11 /* BacklogTicketCreationTests.swift */; };
		5579A24C7243C659DB0C9698 /* TicketRename.swift in Sources */ = {isa = PBXBuildFile; fileRef = 350F062261A839B0E19ADC65 /* TicketRename.swift */; };
		5C60750477A63990C6B97E35 /* EmptyBoardNotice.swift in Sources */ = {isa = PBXBuildFile; fileRef = 85EE6F42101A6CB8E55FE8FA /* EmptyBoardNotice.swift */; };
		6E3C54C9398748DCB39B3DB3 /* BacklogTicketTargeting.swift in Sources */ = {isa = PBXBuildFile; fileRef = B0C679386A3AB722944FC891 /* BacklogTicketTargeting.swift */; };
		73526449E43A7458F4BA2C81 /* BacklogTicketTargeting.swift in Sources */ = {isa = PBXBuildFile; fileRef = B0C679386A3AB722944FC891 /* BacklogTicketTargeting.swift */; };
		735A75EBAD75AEDA15D7EF67 /* ReminderDeepLinkTests.swift in Sources */ = {isa = PBXBuildFile; fileRef = 57D665E92128A470288652C9 /* ReminderDeepLinkTests.swift */; };
		74BF0AB21BF4C7B800C413D1 /* StatusTaggerTests.swift in Sources */ = {isa = PBXBuildFile; fileRef = E4AB243E20C7A7C40112F8D6 /* StatusTaggerTests.swift */; };
		7D2F3F3BABC941DA38C52CC6 /* AppAppearance.swift in Sources */ = {isa = PBXBuildFile; fileRef = 885796666D14CA49747DB258 /* AppAppearance.swift */; };
		7D478069741C025AEBDC3C41 /* FindPopover.swift in Sources */ = {isa = PBXBuildFile; fileRef = BD0CD245EE900300AA1B6709 /* FindPopover.swift */; };
		875104CDC32ECDEB5C2494F0 /* FilterTests.swift in Sources */ = {isa = PBXBuildFile; fileRef = 4F5178AE744F393F737442A5 /* FilterTests.swift */; };
		877D22FD67BA79DE7C4C65F1 /* HUDGlassMaterial.swift in Sources */ = {isa = PBXBuildFile; fileRef = EABE4A8869EFB12034A075AB /* HUDGlassMaterial.swift */; };
		87F6C7D48E963E894A84F46C /* WrappedStats.swift in Sources */ = {isa = PBXBuildFile; fileRef = 61E1A9343D54C7091C20BBDE /* WrappedStats.swift */; };
		8935EE20B247C64B80C071A6 /* Models.swift in Sources */ = {isa = PBXBuildFile; fileRef = C67BD228B20A88109D18DAA5 /* Models.swift */; };
		9438002A6DAF5EE01AF19041 /* BoardView.swift in Sources */ = {isa = PBXBuildFile; fileRef = 9AD1B4A61352C1461953925D /* BoardView.swift */; };
		9A56DED754B385C405CBDFE0 /* StatusTagger.swift in Sources */ = {isa = PBXBuildFile; fileRef = C8099603D0D48B34633EB69D /* StatusTagger.swift */; };
		9EAE408D3BB444BEB7AD0CDC /* TextSanitizer.swift in Sources */ = {isa = PBXBuildFile; fileRef = 616551F8C95C166758DC62DD /* TextSanitizer.swift */; };
		A37B691FB088DA0D3AB2BD68 /* AppIcon.icon in Resources */ = {isa = PBXBuildFile; fileRef = 2F5C34C586A1EC88FF7463F0 /* AppIcon.icon */; };
		A4E9E804297E14C0C8607AEC /* SettingsView.swift in Sources */ = {isa = PBXBuildFile; fileRef = 73CAB35E9902F258F00D82A7 /* SettingsView.swift */; };
		A70E5A894D67BF2B9B9C0779 /* AppAppearanceTests.swift in Sources */ = {isa = PBXBuildFile; fileRef = C48CB5158B3D021C846E9BDE /* AppAppearanceTests.swift */; };
		B5100A228F130EF0A3292797 /* StreakCalculatorTests.swift in Sources */ = {isa = PBXBuildFile; fileRef = 4D42472CFB0A2525AA84AADE /* StreakCalculatorTests.swift */; };
		B70019CC6B6074138D0342C5 /* WrappedStats.swift in Sources */ = {isa = PBXBuildFile; fileRef = 61E1A9343D54C7091C20BBDE /* WrappedStats.swift */; };
		BA331CEEE97A7000C960DB81 /* ContentView.swift in Sources */ = {isa = PBXBuildFile; fileRef = EE77523ACBD14B219E0031C5 /* ContentView.swift */; };
		BC16F8EF904EDF88D5EC21A0 /* ReminderDeepLink.swift in Sources */ = {isa = PBXBuildFile; fileRef = 916BEB3FF1D30E3F22831CAA /* ReminderDeepLink.swift */; };
		C3122530F3FD6606EBCD4E6C /* WIPLimitTests.swift in Sources */ = {isa = PBXBuildFile; fileRef = 0C252FF02D5162B99A3F30F7 /* WIPLimitTests.swift */; };
		C633F382DEFE9FD32C03C6A7 /* ReminderDeepLink.swift in Sources */ = {isa = PBXBuildFile; fileRef = 916BEB3FF1D30E3F22831CAA /* ReminderDeepLink.swift */; };
		C7D82269F67091F5AE0E8870 /* PrivacyInfo.xcprivacy in Resources */ = {isa = PBXBuildFile; fileRef = 10C56C38B8A1956F2F2974FE /* PrivacyInfo.xcprivacy */; };
		C831C7F9A270718B155C00E3 /* StatusTagger.swift in Sources */ = {isa = PBXBuildFile; fileRef = C8099603D0D48B34633EB69D /* StatusTagger.swift */; };
		CF6FC09044300C4AEE056EF2 /* Models.swift in Sources */ = {isa = PBXBuildFile; fileRef = C67BD228B20A88109D18DAA5 /* Models.swift */; };
		D10E1E7C10AD77A2A5815F45 /* TextSanitizerTests.swift in Sources */ = {isa = PBXBuildFile; fileRef = EF53DB3FE2E8D54F03CE48E9 /* TextSanitizerTests.swift */; };
		D3765DBF0B271BAFF4FFD965 /* DesignSystem.swift in Sources */ = {isa = PBXBuildFile; fileRef = F5DCA4E02A36CF7D719EC339 /* DesignSystem.swift */; };
		D5D9047BF7E12AD928F47F76 /* CardSortingTests.swift in Sources */ = {isa = PBXBuildFile; fileRef = DDB24CFDAA5B52F16A72F182 /* CardSortingTests.swift */; };
		E2A442C3A84D88C634225995 /* StatsPopover.swift in Sources */ = {isa = PBXBuildFile; fileRef = C897CD919B8A9F654BB8C2E9 /* StatsPopover.swift */; };
		F02B830CE81DFD65A6C33E55 /* TextSanitizer.swift in Sources */ = {isa = PBXBuildFile; fileRef = 616551F8C95C166758DC62DD /* TextSanitizer.swift */; };
		F497DB173B495A88ADCD4821 /* RemindersStore.swift in Sources */ = {isa = PBXBuildFile; fileRef = E38DFB23226AD6A320E58F33 /* RemindersStore.swift */; };
		F7ACE669E1BBF9DF40046C3C /* TicketEditSheet.swift in Sources */ = {isa = PBXBuildFile; fileRef = 5363A88A1AA13D97EEF4C674 /* TicketEditSheet.swift */; };
		FFF79317BF6184D23FDE3804 /* TicketRenameTests.swift in Sources */ = {isa = PBXBuildFile; fileRef = 168AF2A9B4F0AA4920636C98 /* TicketRenameTests.swift */; };
/* End PBXBuildFile section */

/* Begin PBXFileReference section */
		0C252FF02D5162B99A3F30F7 /* WIPLimitTests.swift */ = {isa = PBXFileReference; lastKnownFileType = sourcecode.swift; path = WIPLimitTests.swift; sourceTree = "<group>"; };
		10C56C38B8A1956F2F2974FE /* PrivacyInfo.xcprivacy */ = {isa = PBXFileReference; path = PrivacyInfo.xcprivacy; sourceTree = "<group>"; };
		10ECC48E9096FEF7E8FFDCB5 /* Info.plist */ = {isa = PBXFileReference; lastKnownFileType = text.plist; path = Info.plist; sourceTree = "<group>"; };
		168AF2A9B4F0AA4920636C98 /* TicketRenameTests.swift */ = {isa = PBXFileReference; lastKnownFileType = sourcecode.swift; path = TicketRenameTests.swift; sourceTree = "<group>"; };
		2F5C34C586A1EC88FF7463F0 /* AppIcon.icon */ = {isa = PBXFileReference; lastKnownFileType = wrapper.icon; path = AppIcon.icon; sourceTree = "<group>"; };
		350F062261A839B0E19ADC65 /* TicketRename.swift */ = {isa = PBXFileReference; lastKnownFileType = sourcecode.swift; path = TicketRename.swift; sourceTree = "<group>"; };
		4D42472CFB0A2525AA84AADE /* StreakCalculatorTests.swift */ = {isa = PBXFileReference; lastKnownFileType = sourcecode.swift; path = StreakCalculatorTests.swift; sourceTree = "<group>"; };
		4F5178AE744F393F737442A5 /* FilterTests.swift */ = {isa = PBXFileReference; lastKnownFileType = sourcecode.swift; path = FilterTests.swift; sourceTree = "<group>"; };
		5363A88A1AA13D97EEF4C674 /* TicketEditSheet.swift */ = {isa = PBXFileReference; lastKnownFileType = sourcecode.swift; path = TicketEditSheet.swift; sourceTree = "<group>"; };
		57D665E92128A470288652C9 /* ReminderDeepLinkTests.swift */ = {isa = PBXFileReference; lastKnownFileType = sourcecode.swift; path = ReminderDeepLinkTests.swift; sourceTree = "<group>"; };
		616551F8C95C166758DC62DD /* TextSanitizer.swift */ = {isa = PBXFileReference; lastKnownFileType = sourcecode.swift; path = TextSanitizer.swift; sourceTree = "<group>"; };
		61E1A9343D54C7091C20BBDE /* WrappedStats.swift */ = {isa = PBXFileReference; lastKnownFileType = sourcecode.swift; path = WrappedStats.swift; sourceTree = "<group>"; };
		61E5583BF2ABB5886F6A33CF /* StreakCalculator.swift */ = {isa = PBXFileReference; lastKnownFileType = sourcecode.swift; path = StreakCalculator.swift; sourceTree = "<group>"; };
		63A39AC9579F00A5EB682BD8 /* BoardTooltip.swift */ = {isa = PBXFileReference; lastKnownFileType = sourcecode.swift; path = BoardTooltip.swift; sourceTree = "<group>"; };
		6E37F12841D6179B39F5B3D1 /* GlassKanban.entitlements */ = {isa = PBXFileReference; lastKnownFileType = text.plist.entitlements; path = GlassKanban.entitlements; sourceTree = "<group>"; };
		73CAB35E9902F258F00D82A7 /* SettingsView.swift */ = {isa = PBXFileReference; lastKnownFileType = sourcecode.swift; path = SettingsView.swift; sourceTree = "<group>"; };
		85EE6F42101A6CB8E55FE8FA /* EmptyBoardNotice.swift */ = {isa = PBXFileReference; lastKnownFileType = sourcecode.swift; path = EmptyBoardNotice.swift; sourceTree = "<group>"; };
		885796666D14CA49747DB258 /* AppAppearance.swift */ = {isa = PBXFileReference; lastKnownFileType = sourcecode.swift; path = AppAppearance.swift; sourceTree = "<group>"; };
		916BEB3FF1D30E3F22831CAA /* ReminderDeepLink.swift */ = {isa = PBXFileReference; lastKnownFileType = sourcecode.swift; path = ReminderDeepLink.swift; sourceTree = "<group>"; };
		9AD1B4A61352C1461953925D /* BoardView.swift */ = {isa = PBXFileReference; lastKnownFileType = sourcecode.swift; path = BoardView.swift; sourceTree = "<group>"; };
		B0C679386A3AB722944FC891 /* BacklogTicketTargeting.swift */ = {isa = PBXFileReference; lastKnownFileType = sourcecode.swift; path = BacklogTicketTargeting.swift; sourceTree = "<group>"; };
		BD0CD245EE900300AA1B6709 /* FindPopover.swift */ = {isa = PBXFileReference; lastKnownFileType = sourcecode.swift; path = FindPopover.swift; sourceTree = "<group>"; };
		C3D494DF4EBCB89C86134C27 /* GlassKanbanApp.swift */ = {isa = PBXFileReference; lastKnownFileType = sourcecode.swift; path = GlassKanbanApp.swift; sourceTree = "<group>"; };
		C48CB5158B3D021C846E9BDE /* AppAppearanceTests.swift */ = {isa = PBXFileReference; lastKnownFileType = sourcecode.swift; path = AppAppearanceTests.swift; sourceTree = "<group>"; };
		C611793427062C2E7A24FAFF /* GlassKanban.app */ = {isa = PBXFileReference; explicitFileType = wrapper.application; includeInIndex = 0; path = GlassKanban.app; sourceTree = BUILT_PRODUCTS_DIR; };
		C67BD228B20A88109D18DAA5 /* Models.swift */ = {isa = PBXFileReference; lastKnownFileType = sourcecode.swift; path = Models.swift; sourceTree = "<group>"; };
		C8099603D0D48B34633EB69D /* StatusTagger.swift */ = {isa = PBXFileReference; lastKnownFileType = sourcecode.swift; path = StatusTagger.swift; sourceTree = "<group>"; };
		C897CD919B8A9F654BB8C2E9 /* StatsPopover.swift */ = {isa = PBXFileReference; lastKnownFileType = sourcecode.swift; path = StatsPopover.swift; sourceTree = "<group>"; };
		D7CE58D9AEFF55A2F7A8F53B /* BoardEmptinessTests.swift */ = {isa = PBXFileReference; lastKnownFileType = sourcecode.swift; path = BoardEmptinessTests.swift; sourceTree = "<group>"; };
		D85E4B85A97781F983975E11 /* BacklogTicketCreationTests.swift */ = {isa = PBXFileReference; lastKnownFileType = sourcecode.swift; path = BacklogTicketCreationTests.swift; sourceTree = "<group>"; };
		DDB24CFDAA5B52F16A72F182 /* CardSortingTests.swift */ = {isa = PBXFileReference; lastKnownFileType = sourcecode.swift; path = CardSortingTests.swift; sourceTree = "<group>"; };
		E363E5F11832E63EE2539D70 /* CardView.swift */ = {isa = PBXFileReference; lastKnownFileType = sourcecode.swift; path = CardView.swift; sourceTree = "<group>"; };
		E38DFB23226AD6A320E58F33 /* RemindersStore.swift */ = {isa = PBXFileReference; lastKnownFileType = sourcecode.swift; path = RemindersStore.swift; sourceTree = "<group>"; };
		E4AB243E20C7A7C40112F8D6 /* StatusTaggerTests.swift */ = {isa = PBXFileReference; lastKnownFileType = sourcecode.swift; path = StatusTaggerTests.swift; sourceTree = "<group>"; };
		E5272D2C4DBE0783C0F124A4 /* GlassKanbanTests.xctest */ = {isa = PBXFileReference; explicitFileType = wrapper.cfbundle; includeInIndex = 0; path = GlassKanbanTests.xctest; sourceTree = BUILT_PRODUCTS_DIR; };
		EABE4A8869EFB12034A075AB /* HUDGlassMaterial.swift */ = {isa = PBXFileReference; lastKnownFileType = sourcecode.swift; path = HUDGlassMaterial.swift; sourceTree = "<group>"; };
		EC1A968F6964BFEE0832A01A /* ColumnView.swift */ = {isa = PBXFileReference; lastKnownFileType = sourcecode.swift; path = ColumnView.swift; sourceTree = "<group>"; };
		ECE5585CC13DA3C6F665594A /* WrappedStatsTests.swift */ = {isa = PBXFileReference; lastKnownFileType = sourcecode.swift; path = WrappedStatsTests.swift; sourceTree = "<group>"; };
		EE77523ACBD14B219E0031C5 /* ContentView.swift */ = {isa = PBXFileReference; lastKnownFileType = sourcecode.swift; path = ContentView.swift; sourceTree = "<group>"; };
		EF53DB3FE2E8D54F03CE48E9 /* TextSanitizerTests.swift */ = {isa = PBXFileReference; lastKnownFileType = sourcecode.swift; path = TextSanitizerTests.swift; sourceTree = "<group>"; };
		F5DCA4E02A36CF7D719EC339 /* DesignSystem.swift */ = {isa = PBXFileReference; lastKnownFileType = sourcecode.swift; path = DesignSystem.swift; sourceTree = "<group>"; };
/* End PBXFileReference section */

/* Begin PBXGroup section */
		3579B4714A2E3E49300D5DE6 = {
			isa = PBXGroup;
			children = (
				C258B197D26D22AB4AC8E407 /* GlassKanban */,
				7204D7B9E911C3DE365C3B14 /* GlassKanbanTests */,
				E1026DE1BDE4A386F11C48E3 /* Products */,
			);
			sourceTree = "<group>";
		};
		7204D7B9E911C3DE365C3B14 /* GlassKanbanTests */ = {
			isa = PBXGroup;
			children = (
				C48CB5158B3D021C846E9BDE /* AppAppearanceTests.swift */,
				D85E4B85A97781F983975E11 /* BacklogTicketCreationTests.swift */,
				D7CE58D9AEFF55A2F7A8F53B /* BoardEmptinessTests.swift */,
				DDB24CFDAA5B52F16A72F182 /* CardSortingTests.swift */,
				4F5178AE744F393F737442A5 /* FilterTests.swift */,
				57D665E92128A470288652C9 /* ReminderDeepLinkTests.swift */,
				E4AB243E20C7A7C40112F8D6 /* StatusTaggerTests.swift */,
				4D42472CFB0A2525AA84AADE /* StreakCalculatorTests.swift */,
				EF53DB3FE2E8D54F03CE48E9 /* TextSanitizerTests.swift */,
				168AF2A9B4F0AA4920636C98 /* TicketRenameTests.swift */,
				0C252FF02D5162B99A3F30F7 /* WIPLimitTests.swift */,
				ECE5585CC13DA3C6F665594A /* WrappedStatsTests.swift */,
			);
			path = GlassKanbanTests;
			sourceTree = "<group>";
		};
		C258B197D26D22AB4AC8E407 /* GlassKanban */ = {
			isa = PBXGroup;
			children = (
				885796666D14CA49747DB258 /* AppAppearance.swift */,
				2F5C34C586A1EC88FF7463F0 /* AppIcon.icon */,
				B0C679386A3AB722944FC891 /* BacklogTicketTargeting.swift */,
				63A39AC9579F00A5EB682BD8 /* BoardTooltip.swift */,
				9AD1B4A61352C1461953925D /* BoardView.swift */,
				E363E5F11832E63EE2539D70 /* CardView.swift */,
				EC1A968F6964BFEE0832A01A /* ColumnView.swift */,
				EE77523ACBD14B219E0031C5 /* ContentView.swift */,
				F5DCA4E02A36CF7D719EC339 /* DesignSystem.swift */,
				85EE6F42101A6CB8E55FE8FA /* EmptyBoardNotice.swift */,
				BD0CD245EE900300AA1B6709 /* FindPopover.swift */,
				6E37F12841D6179B39F5B3D1 /* GlassKanban.entitlements */,
				C3D494DF4EBCB89C86134C27 /* GlassKanbanApp.swift */,
				EABE4A8869EFB12034A075AB /* HUDGlassMaterial.swift */,
				10ECC48E9096FEF7E8FFDCB5 /* Info.plist */,
				C67BD228B20A88109D18DAA5 /* Models.swift */,
				10C56C38B8A1956F2F2974FE /* PrivacyInfo.xcprivacy */,
				916BEB3FF1D30E3F22831CAA /* ReminderDeepLink.swift */,
				E38DFB23226AD6A320E58F33 /* RemindersStore.swift */,
				73CAB35E9902F258F00D82A7 /* SettingsView.swift */,
				C897CD919B8A9F654BB8C2E9 /* StatsPopover.swift */,
				C8099603D0D48B34633EB69D /* StatusTagger.swift */,
				61E5583BF2ABB5886F6A33CF /* StreakCalculator.swift */,
				616551F8C95C166758DC62DD /* TextSanitizer.swift */,
				5363A88A1AA13D97EEF4C674 /* TicketEditSheet.swift */,
				350F062261A839B0E19ADC65 /* TicketRename.swift */,
				61E1A9343D54C7091C20BBDE /* WrappedStats.swift */,
			);
			path = GlassKanban;
			sourceTree = "<group>";
		};
		E1026DE1BDE4A386F11C48E3 /* Products */ = {
			isa = PBXGroup;
			children = (
				C611793427062C2E7A24FAFF /* GlassKanban.app */,
				E5272D2C4DBE0783C0F124A4 /* GlassKanbanTests.xctest */,
			);
			name = Products;
			sourceTree = "<group>";
		};
/* End PBXGroup section */

/* Begin PBXNativeTarget section */
		0EDFD732189A876BD712EB9A /* GlassKanbanTests */ = {
			isa = PBXNativeTarget;
			buildConfigurationList = 0501AAA1732B9959C598C2BA /* Build configuration list for PBXNativeTarget "GlassKanbanTests" */;
			buildPhases = (
				AC8CBECE76EA3D850F3CBBB4 /* Sources */,
			);
			buildRules = (
			);
			dependencies = (
			);
			name = GlassKanbanTests;
			packageProductDependencies = (
			);
			productName = GlassKanbanTests;
			productReference = E5272D2C4DBE0783C0F124A4 /* GlassKanbanTests.xctest */;
			productType = "com.apple.product-type.bundle.unit-test";
		};
		2D414BB36D63C91B572E6F51 /* GlassKanban */ = {
			isa = PBXNativeTarget;
			buildConfigurationList = B09AFE9375D830BC374573FB /* Build configuration list for PBXNativeTarget "GlassKanban" */;
			buildPhases = (
				A567494CDC0049B0AF77743C /* Sources */,
				AF49A5C6088C655EB51FC0D2 /* Resources */,
			);
			buildRules = (
			);
			dependencies = (
			);
			name = GlassKanban;
			packageProductDependencies = (
			);
			productName = GlassKanban;
			productReference = C611793427062C2E7A24FAFF /* GlassKanban.app */;
			productType = "com.apple.product-type.application";
		};
/* End PBXNativeTarget section */

/* Begin PBXProject section */
		2312D20C391B5E0BC018DA08 /* Project object */ = {
			isa = PBXProject;
			attributes = {
				BuildIndependentTargetsInParallel = YES;
				LastUpgradeCheck = 1430;
				TargetAttributes = {
					2D414BB36D63C91B572E6F51 = {
						ProvisioningStyle = Manual;
					};
				};
			};
			buildConfigurationList = F1728D5F550D10BA79A29A6F /* Build configuration list for PBXProject "GlassKanban" */;
			developmentRegion = en;
			hasScannedForEncodings = 0;
			knownRegions = (
				Base,
				en,
			);
			mainGroup = 3579B4714A2E3E49300D5DE6;
			minimizedProjectReferenceProxies = 1;
			preferredProjectObjectVersion = 77;
			productRefGroup = E1026DE1BDE4A386F11C48E3 /* Products */;
			projectDirPath = "";
			projectRoot = "";
			targets = (
				2D414BB36D63C91B572E6F51 /* GlassKanban */,
				0EDFD732189A876BD712EB9A /* GlassKanbanTests */,
			);
		};
/* End PBXProject section */

/* Begin PBXResourcesBuildPhase section */
		AF49A5C6088C655EB51FC0D2 /* Resources */ = {
			isa = PBXResourcesBuildPhase;
			buildActionMask = 2147483647;
			files = (
				A37B691FB088DA0D3AB2BD68 /* AppIcon.icon in Resources */,
				C7D82269F67091F5AE0E8870 /* PrivacyInfo.xcprivacy in Resources */,
			);
			runOnlyForDeploymentPostprocessing = 0;
		};
/* End PBXResourcesBuildPhase section */

/* Begin PBXSourcesBuildPhase section */
		A567494CDC0049B0AF77743C /* Sources */ = {
			isa = PBXSourcesBuildPhase;
			buildActionMask = 2147483647;
			files = (
				7D2F3F3BABC941DA38C52CC6 /* AppAppearance.swift in Sources */,
				6E3C54C9398748DCB39B3DB3 /* BacklogTicketTargeting.swift in Sources */,
				262B9D2A64B3478DC0B7D42F /* BoardTooltip.swift in Sources */,
				9438002A6DAF5EE01AF19041 /* BoardView.swift in Sources */,
				17AAD6984070753493382FA9 /* CardView.swift in Sources */,
				1ABE592DFEEBDBCBD8A4CCAC /* ColumnView.swift in Sources */,
				BA331CEEE97A7000C960DB81 /* ContentView.swift in Sources */,
				D3765DBF0B271BAFF4FFD965 /* DesignSystem.swift in Sources */,
				5C60750477A63990C6B97E35 /* EmptyBoardNotice.swift in Sources */,
				7D478069741C025AEBDC3C41 /* FindPopover.swift in Sources */,
				1B53F264815585B5F468F8A2 /* GlassKanbanApp.swift in Sources */,
				877D22FD67BA79DE7C4C65F1 /* HUDGlassMaterial.swift in Sources */,
				8935EE20B247C64B80C071A6 /* Models.swift in Sources */,
				C633F382DEFE9FD32C03C6A7 /* ReminderDeepLink.swift in Sources */,
				F497DB173B495A88ADCD4821 /* RemindersStore.swift in Sources */,
				A4E9E804297E14C0C8607AEC /* SettingsView.swift in Sources */,
				E2A442C3A84D88C634225995 /* StatsPopover.swift in Sources */,
				9A56DED754B385C405CBDFE0 /* StatusTagger.swift in Sources */,
				17EF09ACC254297A749F37F2 /* StreakCalculator.swift in Sources */,
				9EAE408D3BB444BEB7AD0CDC /* TextSanitizer.swift in Sources */,
				F7ACE669E1BBF9DF40046C3C /* TicketEditSheet.swift in Sources */,
				4BD67FD6516E1386444BD060 /* TicketRename.swift in Sources */,
				87F6C7D48E963E894A84F46C /* WrappedStats.swift in Sources */,
			);
			runOnlyForDeploymentPostprocessing = 0;
		};
		AC8CBECE76EA3D850F3CBBB4 /* Sources */ = {
			isa = PBXSourcesBuildPhase;
			buildActionMask = 2147483647;
			files = (
				1E7F6ED58D7DBA4FB4175DE6 /* AppAppearance.swift in Sources */,
				A70E5A894D67BF2B9B9C0779 /* AppAppearanceTests.swift in Sources */,
				4DDD94D9BA542BA62B842C25 /* BacklogTicketCreationTests.swift in Sources */,
				73526449E43A7458F4BA2C81 /* BacklogTicketTargeting.swift in Sources */,
				3A14FF729609BD536B4851BE /* BoardEmptinessTests.swift in Sources */,
				D5D9047BF7E12AD928F47F76 /* CardSortingTests.swift in Sources */,
				875104CDC32ECDEB5C2494F0 /* FilterTests.swift in Sources */,
				CF6FC09044300C4AEE056EF2 /* Models.swift in Sources */,
				BC16F8EF904EDF88D5EC21A0 /* ReminderDeepLink.swift in Sources */,
				735A75EBAD75AEDA15D7EF67 /* ReminderDeepLinkTests.swift in Sources */,
				C831C7F9A270718B155C00E3 /* StatusTagger.swift in Sources */,
				74BF0AB21BF4C7B800C413D1 /* StatusTaggerTests.swift in Sources */,
				095FD46B8BF0F4B3C0DF18D0 /* StreakCalculator.swift in Sources */,
				B5100A228F130EF0A3292797 /* StreakCalculatorTests.swift in Sources */,
				F02B830CE81DFD65A6C33E55 /* TextSanitizer.swift in Sources */,
				D10E1E7C10AD77A2A5815F45 /* TextSanitizerTests.swift in Sources */,
				5579A24C7243C659DB0C9698 /* TicketRename.swift in Sources */,
				FFF79317BF6184D23FDE3804 /* TicketRenameTests.swift in Sources */,
				C3122530F3FD6606EBCD4E6C /* WIPLimitTests.swift in Sources */,
				B70019CC6B6074138D0342C5 /* WrappedStats.swift in Sources */,
				0BF10963C66C61A85AB63DBD /* WrappedStatsTests.swift in Sources */,
			);
			runOnlyForDeploymentPostprocessing = 0;
		};
/* End PBXSourcesBuildPhase section */

/* Begin XCBuildConfiguration section */
		10F375E74E281932130C9AD0 /* Debug */ = {
			isa = XCBuildConfiguration;
			buildSettings = {
				ASSETCATALOG_COMPILER_APPICON_NAME = AppIcon;
				CODE_SIGN_ENTITLEMENTS = GlassKanban/GlassKanban.entitlements;
				CODE_SIGN_IDENTITY = "Glass Kanban Development";
				CODE_SIGN_STYLE = Manual;
				COMBINE_HIDPI_IMAGES = YES;
				GENERATE_INFOPLIST_FILE = NO;
				INFOPLIST_FILE = GlassKanban/Info.plist;
				LD_RUNPATH_SEARCH_PATHS = (
					"$(inherited)",
					"@executable_path/../Frameworks",
				);
				PRODUCT_BUNDLE_IDENTIFIER = com.davidtrogemann.GlassKanban;
				PRODUCT_NAME = "Glass Kanban";
				SDKROOT = macosx;
			};
			name = Debug;
		};
		197C5D743B0ED2FC97D7B0C3 /* Debug */ = {
			isa = XCBuildConfiguration;
			buildSettings = {
				BUNDLE_LOADER = "$(TEST_HOST)";
				COMBINE_HIDPI_IMAGES = YES;
				GENERATE_INFOPLIST_FILE = YES;
				LD_RUNPATH_SEARCH_PATHS = (
					"$(inherited)",
					"@executable_path/../Frameworks",
					"@loader_path/../Frameworks",
				);
				PRODUCT_BUNDLE_IDENTIFIER = com.davidtrogemann.GlassKanbanTests;
				SDKROOT = macosx;
			};
			name = Debug;
		};
		2C912AC6482D4660CF04C340 /* Release */ = {
			isa = XCBuildConfiguration;
			buildSettings = {
				ALWAYS_SEARCH_USER_PATHS = NO;
				CLANG_ANALYZER_NONNULL = YES;
				CLANG_ANALYZER_NUMBER_OBJECT_CONVERSION = YES_AGGRESSIVE;
				CLANG_CXX_LANGUAGE_STANDARD = "gnu++14";
				CLANG_CXX_LIBRARY = "libc++";
				CLANG_ENABLE_MODULES = YES;
				CLANG_ENABLE_OBJC_ARC = YES;
				CLANG_ENABLE_OBJC_WEAK = YES;
				CLANG_WARN_BLOCK_CAPTURE_AUTORELEASING = YES;
				CLANG_WARN_BOOL_CONVERSION = YES;
				CLANG_WARN_COMMA = YES;
				CLANG_WARN_CONSTANT_CONVERSION = YES;
				CLANG_WARN_DEPRECATED_OBJC_IMPLEMENTATIONS = YES;
				CLANG_WARN_DIRECT_OBJC_ISA_USAGE = YES_ERROR;
				CLANG_WARN_DOCUMENTATION_COMMENTS = YES;
				CLANG_WARN_EMPTY_BODY = YES;
				CLANG_WARN_ENUM_CONVERSION = YES;
				CLANG_WARN_INFINITE_RECURSION = YES;
				CLANG_WARN_INT_CONVERSION = YES;
				CLANG_WARN_NON_LITERAL_NULL_CONVERSION = YES;
				CLANG_WARN_OBJC_IMPLICIT_RETAIN_SELF = YES;
				CLANG_WARN_OBJC_LITERAL_CONVERSION = YES;
				CLANG_WARN_OBJC_ROOT_CLASS = YES_ERROR;
				CLANG_WARN_QUOTED_INCLUDE_IN_FRAMEWORK_HEADER = YES;
				CLANG_WARN_RANGE_LOOP_ANALYSIS = YES;
				CLANG_WARN_STRICT_PROTOTYPES = YES;
				CLANG_WARN_SUSPICIOUS_MOVE = YES;
				CLANG_WARN_UNGUARDED_AVAILABILITY = YES_AGGRESSIVE;
				CLANG_WARN_UNREACHABLE_CODE = YES;
				CLANG_WARN__DUPLICATE_METHOD_MATCH = YES;
				COPY_PHASE_STRIP = NO;
				CURRENT_PROJECT_VERSION = 1;
				DEBUG_INFORMATION_FORMAT = "dwarf-with-dsym";
				ENABLE_NS_ASSERTIONS = NO;
				ENABLE_STRICT_OBJC_MSGSEND = YES;
				GCC_C_LANGUAGE_STANDARD = gnu11;
				GCC_NO_COMMON_BLOCKS = YES;
				GCC_WARN_64_TO_32_BIT_CONVERSION = YES;
				GCC_WARN_ABOUT_RETURN_TYPE = YES_ERROR;
				GCC_WARN_UNDECLARED_SELECTOR = YES;
				GCC_WARN_UNINITIALIZED_AUTOS = YES_AGGRESSIVE;
				GCC_WARN_UNUSED_FUNCTION = YES;
				GCC_WARN_UNUSED_VARIABLE = YES;
				MACOSX_DEPLOYMENT_TARGET = 26.0;
				MARKETING_VERSION = 1.0.0;
				MTL_ENABLE_DEBUG_INFO = NO;
				MTL_FAST_MATH = YES;
				PRODUCT_NAME = "$(TARGET_NAME)";
				SDKROOT = macosx;
				SWIFT_COMPILATION_MODE = wholemodule;
				SWIFT_OPTIMIZATION_LEVEL = "-O";
				SWIFT_VERSION = 5.0;
			};
			name = Release;
		};
		3F25D43BF6705D7310350661 /* Debug */ = {
			isa = XCBuildConfiguration;
			buildSettings = {
				ALWAYS_SEARCH_USER_PATHS = NO;
				CLANG_ANALYZER_NONNULL = YES;
				CLANG_ANALYZER_NUMBER_OBJECT_CONVERSION = YES_AGGRESSIVE;
				CLANG_CXX_LANGUAGE_STANDARD = "gnu++14";
				CLANG_CXX_LIBRARY = "libc++";
				CLANG_ENABLE_MODULES = YES;
				CLANG_ENABLE_OBJC_ARC = YES;
				CLANG_ENABLE_OBJC_WEAK = YES;
				CLANG_WARN_BLOCK_CAPTURE_AUTORELEASING = YES;
				CLANG_WARN_BOOL_CONVERSION = YES;
				CLANG_WARN_COMMA = YES;
				CLANG_WARN_CONSTANT_CONVERSION = YES;
				CLANG_WARN_DEPRECATED_OBJC_IMPLEMENTATIONS = YES;
				CLANG_WARN_DIRECT_OBJC_ISA_USAGE = YES_ERROR;
				CLANG_WARN_DOCUMENTATION_COMMENTS = YES;
				CLANG_WARN_EMPTY_BODY = YES;
				CLANG_WARN_ENUM_CONVERSION = YES;
				CLANG_WARN_INFINITE_RECURSION = YES;
				CLANG_WARN_INT_CONVERSION = YES;
				CLANG_WARN_NON_LITERAL_NULL_CONVERSION = YES;
				CLANG_WARN_OBJC_IMPLICIT_RETAIN_SELF = YES;
				CLANG_WARN_OBJC_LITERAL_CONVERSION = YES;
				CLANG_WARN_OBJC_ROOT_CLASS = YES_ERROR;
				CLANG_WARN_QUOTED_INCLUDE_IN_FRAMEWORK_HEADER = YES;
				CLANG_WARN_RANGE_LOOP_ANALYSIS = YES;
				CLANG_WARN_STRICT_PROTOTYPES = YES;
				CLANG_WARN_SUSPICIOUS_MOVE = YES;
				CLANG_WARN_UNGUARDED_AVAILABILITY = YES_AGGRESSIVE;
				CLANG_WARN_UNREACHABLE_CODE = YES;
				CLANG_WARN__DUPLICATE_METHOD_MATCH = YES;
				COPY_PHASE_STRIP = NO;
				CURRENT_PROJECT_VERSION = 1;
				DEBUG_INFORMATION_FORMAT = dwarf;
				ENABLE_STRICT_OBJC_MSGSEND = YES;
				ENABLE_TESTABILITY = YES;
				GCC_C_LANGUAGE_STANDARD = gnu11;
				GCC_DYNAMIC_NO_PIC = NO;
				GCC_NO_COMMON_BLOCKS = YES;
				GCC_OPTIMIZATION_LEVEL = 0;
				GCC_PREPROCESSOR_DEFINITIONS = (
					"$(inherited)",
					"DEBUG=1",
				);
				GCC_WARN_64_TO_32_BIT_CONVERSION = YES;
				GCC_WARN_ABOUT_RETURN_TYPE = YES_ERROR;
				GCC_WARN_UNDECLARED_SELECTOR = YES;
				GCC_WARN_UNINITIALIZED_AUTOS = YES_AGGRESSIVE;
				GCC_WARN_UNUSED_FUNCTION = YES;
				GCC_WARN_UNUSED_VARIABLE = YES;
				MACOSX_DEPLOYMENT_TARGET = 26.0;
				MARKETING_VERSION = 1.0.0;
				MTL_ENABLE_DEBUG_INFO = INCLUDE_SOURCE;
				MTL_FAST_MATH = YES;
				ONLY_ACTIVE_ARCH = YES;
				PRODUCT_NAME = "$(TARGET_NAME)";
				SDKROOT = macosx;
				SWIFT_ACTIVE_COMPILATION_CONDITIONS = DEBUG;
				SWIFT_OPTIMIZATION_LEVEL = "-Onone";
				SWIFT_VERSION = 5.0;
			};
			name = Debug;
		};
		DCF3F95830D8F2B18E9F36E1 /* Release */ = {
			isa = XCBuildConfiguration;
			buildSettings = {
				ASSETCATALOG_COMPILER_APPICON_NAME = AppIcon;
				CODE_SIGN_ENTITLEMENTS = GlassKanban/GlassKanban.entitlements;
				CODE_SIGN_IDENTITY = "Glass Kanban Development";
				CODE_SIGN_STYLE = Manual;
				COMBINE_HIDPI_IMAGES = YES;
				GENERATE_INFOPLIST_FILE = NO;
				INFOPLIST_FILE = GlassKanban/Info.plist;
				LD_RUNPATH_SEARCH_PATHS = (
					"$(inherited)",
					"@executable_path/../Frameworks",
				);
				PRODUCT_BUNDLE_IDENTIFIER = com.davidtrogemann.GlassKanban;
				PRODUCT_NAME = "Glass Kanban";
				SDKROOT = macosx;
			};
			name = Release;
		};
		F67C11E6BFC78210376B557F /* Release */ = {
			isa = XCBuildConfiguration;
			buildSettings = {
				BUNDLE_LOADER = "$(TEST_HOST)";
				COMBINE_HIDPI_IMAGES = YES;
				GENERATE_INFOPLIST_FILE = YES;
				LD_RUNPATH_SEARCH_PATHS = (
					"$(inherited)",
					"@executable_path/../Frameworks",
					"@loader_path/../Frameworks",
				);
				PRODUCT_BUNDLE_IDENTIFIER = com.davidtrogemann.GlassKanbanTests;
				SDKROOT = macosx;
			};
			name = Release;
		};
/* End XCBuildConfiguration section */

/* Begin XCConfigurationList section */
		0501AAA1732B9959C598C2BA /* Build configuration list for PBXNativeTarget "GlassKanbanTests" */ = {
			isa = XCConfigurationList;
			buildConfigurations = (
				197C5D743B0ED2FC97D7B0C3 /* Debug */,
				F67C11E6BFC78210376B557F /* Release */,
			);
			defaultConfigurationIsVisible = 0;
			defaultConfigurationName = Debug;
		};
		B09AFE9375D830BC374573FB /* Build configuration list for PBXNativeTarget "GlassKanban" */ = {
			isa = XCConfigurationList;
			buildConfigurations = (
				10F375E74E281932130C9AD0 /* Debug */,
				DCF3F95830D8F2B18E9F36E1 /* Release */,
			);
			defaultConfigurationIsVisible = 0;
			defaultConfigurationName = Debug;
		};
		F1728D5F550D10BA79A29A6F /* Build configuration list for PBXProject "GlassKanban" */ = {
			isa = XCConfigurationList;
			buildConfigurations = (
				3F25D43BF6705D7310350661 /* Debug */,
				2C912AC6482D4660CF04C340 /* Release */,
			);
			defaultConfigurationIsVisible = 0;
			defaultConfigurationName = Debug;
		};
/* End XCConfigurationList section */
	};
	rootObject = 2312D20C391B5E0BC018DA08 /* Project object */;
}
